
Microsoft Visual Studio Solution File, Format Version 12.00
# Visual Studio Version 16
VisualStudioVersion = 16.0.34931.43
MinimumVisualStudioVersion = 10.0.40219.1
Project("{8BC9CEB8-8B4A-11D0-8D11-00A0C91BC942}") = "IM_lab3", "IM_lab3\IM_lab3.vcxproj", "{CA8A3698-F845-4127-A6A2-BDE18D771D06}"
EndProject
Global
	GlobalSection(SolutionConfigurationPlatforms) = preSolution
		Debug|x64 = Debug|x64
		Debug|x86 = Debug|x86
		Release|x64 = Release|x64
		Release|x86 = Release|x86
	EndGlobalSection
	GlobalSection(ProjectConfigurationPlatforms) = postSolution
		{CA8A3698-F845-4127-A6A2-BDE18D771D06}.Debug|x64.ActiveCfg = Debug|x64
		{CA8A3698-F845-4127-A6A2-BDE18D771D06}.Debug|x64.Build.0 = Debug|x64
		{CA8A3698-F845-4127-A6A2-BDE18D771D06}.Debug|x86.ActiveCfg = Debug|Win32
		{CA8A3698-F845-4127-A6A2-BDE18D771D06}.Debug|x86.Build.0 = Debug|Win32
		{CA8A3698-F845-4127-A6A2-BDE18D771D06}.Release|x64.ActiveCfg = Release|x64
		{CA8A3698-F845-4127-A6A2-BDE18D771D06}.Release|x64.Build.0 = Release|x64
		{CA8A3698-F845-4127-A6A2-BDE18D771D06}.Release|x86.ActiveCfg = Release|Win32
		{CA8A3698-F845-4127-A6A2-BDE18D771D06}.Release|x86.Build.0 = Release|Win32
	EndGlobalSection
	GlobalSection(SolutionProperties) = preSolution
		HideSolutionNode = FALSE
	EndGlobalSection
	GlobalSection(ExtensibilityGlobals) = postSolution
		SolutionGuid = {DBCE87E7-6E7C-4028-96CA-3CF92EF7201E}
	EndGlobalSection
EndGlobal
